
Microsoft Visual Studio Solution File, Format Version 12.00
# Visual Studio Version 16
VisualStudioVersion = 16.0.30128.74
MinimumVisualStudioVersion = 10.0.40219.1
Project("{FAE04EC0-301F-11D3-BF4B-00C04F79EFBC}") = "BlazorWASMOverview.Server", "BlazorWASMOverview\Server\BlazorWASMOverview.Server.csproj", "{19FBD20F-2103-46E6-8F1B-FDD83A70ED05}"
EndProject
Project("{FAE04EC0-301F-11D3-BF4B-00C04F79EFBC}") = "BlazorWASMOverview.Client", "BlazorWASMOverview\Client\BlazorWASMOverview.Client.csproj", "{F9F8A26A-FF18-4B5E-BEAA-85BD174CBBE4}"
EndProject
Project("{FAE04EC0-301F-11D3-BF4B-00C04F79EFBC}") = "BlazorWASMOverview.Shared", "BlazorWASMOverview\Shared\BlazorWASMOverview.Shared.csproj", "{BC84AF3C-8049-45DC-8F9D-409DE4B573F8}"
EndProject
Global
	GlobalSection(SolutionConfigurationPlatforms) = preSolution
		Debug|Any CPU = Debug|Any CPU
		Release|Any CPU = Release|Any CPU
	EndGlobalSection
	GlobalSection(ProjectConfigurationPlatforms) = postSolution
		{19FBD20F-2103-46E6-8F1B-FDD83A70ED05}.Debug|Any CPU.ActiveCfg = Debug|Any CPU
		{19FBD20F-2103-46E6-8F1B-FDD83A70ED05}.Debug|Any CPU.Build.0 = Debug|Any CPU
		{19FBD20F-2103-46E6-8F1B-FDD83A70ED05}.Release|Any CPU.ActiveCfg = Release|Any CPU
		{19FBD20F-2103-46E6-8F1B-FDD83A70ED05}.Release|Any CPU.Build.0 = Release|Any CPU
		{F9F8A26A-FF18-4B5E-BEAA-85BD174CBBE4}.Debug|Any CPU.ActiveCfg = Debug|Any CPU
		{F9F8A26A-FF18-4B5E-BEAA-85BD174CBBE4}.Debug|Any CPU.Build.0 = Debug|Any CPU
		{F9F8A26A-FF18-4B5E-BEAA-85BD174CBBE4}.Release|Any CPU.ActiveCfg = Release|Any CPU
		{F9F8A26A-FF18-4B5E-BEAA-85BD174CBBE4}.Release|Any CPU.Build.0 = Release|Any CPU
		{BC84AF3C-8049-45DC-8F9D-409DE4B573F8}.Debug|Any CPU.ActiveCfg = Debug|Any CPU
		{BC84AF3C-8049-45DC-8F9D-409DE4B573F8}.Debug|Any CPU.Build.0 = Debug|Any CPU
		{BC84AF3C-8049-45DC-8F9D-409DE4B573F8}.Release|Any CPU.ActiveCfg = Release|Any CPU
		{BC84AF3C-8049-45DC-8F9D-409DE4B573F8}.Release|Any CPU.Build.0 = Release|Any CPU
	EndGlobalSection
	GlobalSection(SolutionProperties) = preSolution
		HideSolutionNode = FALSE
	EndGlobalSection
	GlobalSection(ExtensibilityGlobals) = postSolution
		SolutionGuid = {C844D4F5-217E-48E6-AD3A-B31BE5216E1C}
	EndGlobalSection
EndGlobal
